
Microsoft Visual Studio Solution File, Format Version 12.00
# Visual Studio Version 17
VisualStudioVersion = 17.14.36705.20 d17.14
MinimumVisualStudioVersion = 10.0.40219.1
Project("{8BC9CEB8-8B4A-11D0-8D11-00A0C91BC942}") = "33_Peterson'sAlgorithm", "33_Peterson'sAlgorithm.vcxproj", "{16B5C810-BA81-46BF-8E61-D248A3270E83}"
EndProject
Global
	GlobalSection(SolutionConfigurationPlatforms) = preSolution
		Debug|x64 = Debug|x64
		Debug|x86 = Debug|x86
		Release|x64 = Release|x64
		Release|x86 = Release|x86
	EndGlobalSection
	GlobalSection(ProjectConfigurationPlatforms) = postSolution
		{16B5C810-BA81-46BF-8E61-D248A3270E83}.Debug|x64.ActiveCfg = Debug|x64
		{16B5C810-BA81-46BF-8E61-D248A3270E83}.Debug|x64.Build.0 = Debug|x64
		{16B5C810-BA81-46BF-8E61-D248A3270E83}.Debug|x86.ActiveCfg = Debug|Win32
		{16B5C810-BA81-46BF-8E61-D248A3270E83}.Debug|x86.Build.0 = Debug|Win32
		{16B5C810-BA81-46BF-8E61-D248A3270E83}.Release|x64.ActiveCfg = Release|x64
		{16B5C810-BA81-46BF-8E61-D248A3270E83}.Release|x64.Build.0 = Release|x64
		{16B5C810-BA81-46BF-8E61-D248A3270E83}.Release|x86.ActiveCfg = Release|Win32
		{16B5C810-BA81-46BF-8E61-D248A3270E83}.Release|x86.Build.0 = Release|Win32
	EndGlobalSection
	GlobalSection(SolutionProperties) = preSolution
		HideSolutionNode = FALSE
	EndGlobalSection
	GlobalSection(ExtensibilityGlobals) = postSolution
		SolutionGuid = {B5E3D7F7-0F53-4F56-AAE5-4D9680EC6E31}
	EndGlobalSection
EndGlobal
