
Microsoft Visual Studio Solution File, Format Version 12.00
# Visual Studio Version 17
VisualStudioVersion = 17.14.36414.22 d17.14
MinimumVisualStudioVersion = 10.0.40219.1
Project("{8BC9CEB8-8B4A-11D0-8D11-00A0C91BC942}") = "29_1_BinarySearchTree", "29_1_BinarySearchTree.vcxproj", "{836D9023-4506-4C02-A55F-61E0B2FCB318}"
EndProject
Global
	GlobalSection(SolutionConfigurationPlatforms) = preSolution
		Debug|x64 = Debug|x64
		Debug|x86 = Debug|x86
		Release|x64 = Release|x64
		Release|x86 = Release|x86
	EndGlobalSection
	GlobalSection(ProjectConfigurationPlatforms) = postSolution
		{836D9023-4506-4C02-A55F-61E0B2FCB318}.Debug|x64.ActiveCfg = Debug|x64
		{836D9023-4506-4C02-A55F-61E0B2FCB318}.Debug|x64.Build.0 = Debug|x64
		{836D9023-4506-4C02-A55F-61E0B2FCB318}.Debug|x86.ActiveCfg = Debug|Win32
		{836D9023-4506-4C02-A55F-61E0B2FCB318}.Debug|x86.Build.0 = Debug|Win32
		{836D9023-4506-4C02-A55F-61E0B2FCB318}.Release|x64.ActiveCfg = Release|x64
		{836D9023-4506-4C02-A55F-61E0B2FCB318}.Release|x64.Build.0 = Release|x64
		{836D9023-4506-4C02-A55F-61E0B2FCB318}.Release|x86.ActiveCfg = Release|Win32
		{836D9023-4506-4C02-A55F-61E0B2FCB318}.Release|x86.Build.0 = Release|Win32
	EndGlobalSection
	GlobalSection(SolutionProperties) = preSolution
		HideSolutionNode = FALSE
	EndGlobalSection
	GlobalSection(ExtensibilityGlobals) = postSolution
		SolutionGuid = {9C36E60D-72EA-46C5-B76D-6C38B48F2F23}
	EndGlobalSection
EndGlobal
